
Microsoft Visual Studio Solution File, Format Version 12.00
# Visual Studio Version 16
VisualStudioVersion = 16.0.29806.167
MinimumVisualStudioVersion = 10.0.40219.1
Project("{FAE04EC0-301F-11D3-BF4B-00C04F79EFBC}") = "CSScript.ShellExtension", "CSScript.ShellExtension\CSScript.ShellExtension.csproj", "{B1CAE04A-2F87-4B56-BFD9-29A20792FB92}"
EndProject
Project("{FAE04EC0-301F-11D3-BF4B-00C04F79EFBC}") = "CSScript", "CSScript\CSScript.csproj", "{2F6C58BC-5F7E-4EA6-B673-906863106103}"
EndProject
Project("{FAE04EC0-301F-11D3-BF4B-00C04F79EFBC}") = "CSScriptStand", "CSScriptStand\CSScriptStand.csproj", "{AD82C6C3-48A6-4341-8DC8-0CCD60704ABE}"
EndProject
Global
	GlobalSection(SolutionConfigurationPlatforms) = preSolution
		Debug|Any CPU = Debug|Any CPU
		Release|Any CPU = Release|Any CPU
	EndGlobalSection
	GlobalSection(ProjectConfigurationPlatforms) = postSolution
		{B1CAE04A-2F87-4B56-BFD9-29A20792FB92}.Debug|Any CPU.ActiveCfg = Debug|Any CPU
		{B1CAE04A-2F87-4B56-BFD9-29A20792FB92}.Debug|Any CPU.Build.0 = Debug|Any CPU
		{B1CAE04A-2F87-4B56-BFD9-29A20792FB92}.Release|Any CPU.ActiveCfg = Release|Any CPU
		{B1CAE04A-2F87-4B56-BFD9-29A20792FB92}.Release|Any CPU.Build.0 = Release|Any CPU
		{2F6C58BC-5F7E-4EA6-B673-906863106103}.Debug|Any CPU.ActiveCfg = Debug|Any CPU
		{2F6C58BC-5F7E-4EA6-B673-906863106103}.Debug|Any CPU.Build.0 = Debug|Any CPU
		{2F6C58BC-5F7E-4EA6-B673-906863106103}.Release|Any CPU.ActiveCfg = Release|Any CPU
		{2F6C58BC-5F7E-4EA6-B673-906863106103}.Release|Any CPU.Build.0 = Release|Any CPU
		{AD82C6C3-48A6-4341-8DC8-0CCD60704ABE}.Debug|Any CPU.ActiveCfg = Debug|Any CPU
		{AD82C6C3-48A6-4341-8DC8-0CCD60704ABE}.Debug|Any CPU.Build.0 = Debug|Any CPU
		{AD82C6C3-48A6-4341-8DC8-0CCD60704ABE}.Release|Any CPU.ActiveCfg = Release|Any CPU
		{AD82C6C3-48A6-4341-8DC8-0CCD60704ABE}.Release|Any CPU.Build.0 = Release|Any CPU
	EndGlobalSection
	GlobalSection(SolutionProperties) = preSolution
		HideSolutionNode = FALSE
	EndGlobalSection
	GlobalSection(ExtensibilityGlobals) = postSolution
		SolutionGuid = {A547F951-33C1-4967-A33D-72D77F7DB3F1}
	EndGlobalSection
EndGlobal
